
Microsoft Visual Studio Solution File, Format Version 12.00
# Visual Studio Version 17
VisualStudioVersion = 17.12.35527.113 d17.12
MinimumVisualStudioVersion = 10.0.40219.1
Project("{FAE04EC0-301F-11D3-BF4B-00C04F79EFBC}") = "KLN", "KLN\KLN.csproj", "{962F9A78-5FB7-454F-95F8-1FCC70902465}"
EndProject
Global
	GlobalSection(SolutionConfigurationPlatforms) = preSolution
		Debug|Any CPU = Debug|Any CPU
		Release|Any CPU = Release|Any CPU
	EndGlobalSection
	GlobalSection(ProjectConfigurationPlatforms) = postSolution
		{962F9A78-5FB7-454F-95F8-1FCC70902465}.Debug|Any CPU.ActiveCfg = Debug|Any CPU
		{962F9A78-5FB7-454F-95F8-1FCC70902465}.Debug|Any CPU.Build.0 = Debug|Any CPU
		{962F9A78-5FB7-454F-95F8-1FCC70902465}.Release|Any CPU.ActiveCfg = Release|Any CPU
		{962F9A78-5FB7-454F-95F8-1FCC70902465}.Release|Any CPU.Build.0 = Release|Any CPU
	EndGlobalSection
	GlobalSection(SolutionProperties) = preSolution
		HideSolutionNode = FALSE
	EndGlobalSection
EndGlobal
