
Microsoft Visual Studio Solution File, Format Version 12.00
# Visual Studio Version 17
VisualStudioVersion = 17.12.35527.113
MinimumVisualStudioVersion = 10.0.40219.1
Project("{FAE04EC0-301F-11D3-BF4B-00C04F79EFBC}") = "KLN", "KLN\KLN.csproj", "{962F9A78-5FB7-454F-95F8-1FCC70902465}"
EndProject
Project("{FAE04EC0-301F-11D3-BF4B-00C04F79EFBC}") = "Domain", "BackEnd\Domain\Domain.csproj", "{F51ABBCD-92E5-4B82-9E6E-3FA54CEAE07F}"
EndProject
Project("{FAE04EC0-301F-11D3-BF4B-00C04F79EFBC}") = "Infrastructure", "BackEnd\Infrastructure\Infrastructure.csproj", "{596496EA-C44D-4FC2-9CFE-831499BC3CAC}"
EndProject
Project("{FAE04EC0-301F-11D3-BF4B-00C04F79EFBC}") = "Application", "BackEnd\Application\Application.csproj", "{77E46BB6-F907-48C8-9A98-C4D6E4CD0ECA}"
EndProject
Project("{FAE04EC0-301F-11D3-BF4B-00C04F79EFBC}") = "API", "BackEnd\API\API.csproj", "{F3C9C36F-122D-4E6F-85D4-60D92D930786}"
EndProject
Project("{2150E333-8FDC-42A3-9474-1A3956D46DE8}") = "BackEnd", "BackEnd", "{F71F9113-2ED2-4DA5-9703-556EC402E4B4}"
EndProject
Global
	GlobalSection(SolutionConfigurationPlatforms) = preSolution
		Debug|Any CPU = Debug|Any CPU
		Release|Any CPU = Release|Any CPU
	EndGlobalSection
	GlobalSection(ProjectConfigurationPlatforms) = postSolution
		{962F9A78-5FB7-454F-95F8-1FCC70902465}.Debug|Any CPU.ActiveCfg = Debug|Any CPU
		{962F9A78-5FB7-454F-95F8-1FCC70902465}.Debug|Any CPU.Build.0 = Debug|Any CPU
		{962F9A78-5FB7-454F-95F8-1FCC70902465}.Release|Any CPU.ActiveCfg = Release|Any CPU
		{962F9A78-5FB7-454F-95F8-1FCC70902465}.Release|Any CPU.Build.0 = Release|Any CPU
		{F51ABBCD-92E5-4B82-9E6E-3FA54CEAE07F}.Debug|Any CPU.ActiveCfg = Debug|Any CPU
		{F51ABBCD-92E5-4B82-9E6E-3FA54CEAE07F}.Debug|Any CPU.Build.0 = Debug|Any CPU
		{F51ABBCD-92E5-4B82-9E6E-3FA54CEAE07F}.Release|Any CPU.ActiveCfg = Release|Any CPU
		{F51ABBCD-92E5-4B82-9E6E-3FA54CEAE07F}.Release|Any CPU.Build.0 = Release|Any CPU
		{596496EA-C44D-4FC2-9CFE-831499BC3CAC}.Debug|Any CPU.ActiveCfg = Debug|Any CPU
		{596496EA-C44D-4FC2-9CFE-831499BC3CAC}.Debug|Any CPU.Build.0 = Debug|Any CPU
		{596496EA-C44D-4FC2-9CFE-831499BC3CAC}.Release|Any CPU.ActiveCfg = Release|Any CPU
		{596496EA-C44D-4FC2-9CFE-831499BC3CAC}.Release|Any CPU.Build.0 = Release|Any CPU
		{77E46BB6-F907-48C8-9A98-C4D6E4CD0ECA}.Debug|Any CPU.ActiveCfg = Debug|Any CPU
		{77E46BB6-F907-48C8-9A98-C4D6E4CD0ECA}.Debug|Any CPU.Build.0 = Debug|Any CPU
		{77E46BB6-F907-48C8-9A98-C4D6E4CD0ECA}.Release|Any CPU.ActiveCfg = Release|Any CPU
		{77E46BB6-F907-48C8-9A98-C4D6E4CD0ECA}.Release|Any CPU.Build.0 = Release|Any CPU
		{F3C9C36F-122D-4E6F-85D4-60D92D930786}.Debug|Any CPU.ActiveCfg = Debug|Any CPU
		{F3C9C36F-122D-4E6F-85D4-60D92D930786}.Debug|Any CPU.Build.0 = Debug|Any CPU
		{F3C9C36F-122D-4E6F-85D4-60D92D930786}.Release|Any CPU.ActiveCfg = Release|Any CPU
		{F3C9C36F-122D-4E6F-85D4-60D92D930786}.Release|Any CPU.Build.0 = Release|Any CPU
	EndGlobalSection
	GlobalSection(SolutionProperties) = preSolution
		HideSolutionNode = FALSE
	EndGlobalSection
	GlobalSection(NestedProjects) = preSolution
		{F51ABBCD-92E5-4B82-9E6E-3FA54CEAE07F} = {F71F9113-2ED2-4DA5-9703-556EC402E4B4}
		{596496EA-C44D-4FC2-9CFE-831499BC3CAC} = {F71F9113-2ED2-4DA5-9703-556EC402E4B4}
		{77E46BB6-F907-48C8-9A98-C4D6E4CD0ECA} = {F71F9113-2ED2-4DA5-9703-556EC402E4B4}
		{F3C9C36F-122D-4E6F-85D4-60D92D930786} = {F71F9113-2ED2-4DA5-9703-556EC402E4B4}
	EndGlobalSection
EndGlobal
